{
    "_readme": [
        "This file locks the dependencies of your project to a known state",
        "Read more about it at https://getcomposer.org/doc/01-basic-usage.md#installing-dependencies",
        "This file is @generated automatically"
    ],
    "content-hash": "b577fcc7ecec489b73c7768d1539983e",
    "packages": [
        {
            "name": "nofussframework/nofussframework",
            "version": "1.2.5",
            "source": {
                "type": "git",
                "url": "https://github.com/jarnix/nofussframework.git",
                "reference": "1a95f0649edbf6d81a831ae1c550e6dacecd4187"
            },
            "dist": {
                "type": "zip",
                "url": "https://api.github.com/repos/jarnix/nofussframework/zipball/1a95f0649edbf6d81a831ae1c550e6dacecd4187",
                "reference": "1a95f0649edbf6d81a831ae1c550e6dacecd4187",
                "shasum": ""
            },
            "require": {
                "php": ">=5.4"
            },
            "type": "library",
            "notification-url": "https://packagist.org/downloads/",
            "license": [
                "BSD-3-Clause"
            ],
            "description": "NoFussFramework",
            "homepage": "http://www.nofussframework.com/",
            "keywords": [
                "framework",
                "nofussframework"
            ],
            "time": "2015-09-28T12:26:28+00:00"
        }
    ],
    "packages-dev": [],
    "aliases": [],
    "minimum-stability": "stable",
    "stability-flags": [],
    "prefer-stable": false,
    "prefer-lowest": false,
    "platform": {
        "php": ">=5.4.0"
    },
    "platform-dev": []
}
